
Microsoft Visual Studio Solution File, Format Version 12.00
# Visual Studio 15
Project("{FAE04EC0-301F-11D3-BF4B-00C04F79EFBC}") = "Schwif TD (Actual)", "Schwif TD (Actual).csproj", "{052CBC06-859D-7647-451B-C55B4A06D24B}"
EndProject
Global
	GlobalSection(SolutionConfigurationPlatforms) = preSolution
		Debug|Any CPU = Debug|Any CPU
		Release|Any CPU = Release|Any CPU
	EndGlobalSection
	GlobalSection(ProjectConfigurationPlatforms) = postSolution
		{052CBC06-859D-7647-451B-C55B4A06D24B}.Debug|Any CPU.ActiveCfg = Debug|Any CPU
		{052CBC06-859D-7647-451B-C55B4A06D24B}.Debug|Any CPU.Build.0 = Debug|Any CPU
		{052CBC06-859D-7647-451B-C55B4A06D24B}.Release|Any CPU.ActiveCfg = Release|Any CPU
		{052CBC06-859D-7647-451B-C55B4A06D24B}.Release|Any CPU.Build.0 = Release|Any CPU
	EndGlobalSection
	GlobalSection(SolutionProperties) = preSolution
		HideSolutionNode = FALSE
	EndGlobalSection
EndGlobal
